
Microsoft Visual Studio Solution File, Format Version 12.00
# Visual Studio Version 17
VisualStudioVersion = 17.5.002.0
MinimumVisualStudioVersion = 10.0.40219.1
Project("{9A19103F-16F7-4668-BE54-9A1E7A4F7556}") = "netcore", "netcore.csproj", "{2FD250C6-322D-450E-8A97-EB0E00AB6B38}"
EndProject
Global
	GlobalSection(SolutionConfigurationPlatforms) = preSolution
		Debug|Any CPU = Debug|Any CPU
		Release|Any CPU = Release|Any CPU
	EndGlobalSection
	GlobalSection(ProjectConfigurationPlatforms) = postSolution
		{2FD250C6-322D-450E-8A97-EB0E00AB6B38}.Debug|Any CPU.ActiveCfg = Debug|Any CPU
		{2FD250C6-322D-450E-8A97-EB0E00AB6B38}.Debug|Any CPU.Build.0 = Debug|Any CPU
		{2FD250C6-322D-450E-8A97-EB0E00AB6B38}.Release|Any CPU.ActiveCfg = Release|Any CPU
		{2FD250C6-322D-450E-8A97-EB0E00AB6B38}.Release|Any CPU.Build.0 = Release|Any CPU
	EndGlobalSection
	GlobalSection(SolutionProperties) = preSolution
		HideSolutionNode = FALSE
	EndGlobalSection
	GlobalSection(ExtensibilityGlobals) = postSolution
		SolutionGuid = {16C78B43-C505-4A35-AC21-F2E3BCCD3B9A}
	EndGlobalSection
EndGlobal
